
Microsoft Visual Studio Solution File, Format Version 12.00
# Visual Studio Version 17
VisualStudioVersion = 17.14.36705.20 d17.14
MinimumVisualStudioVersion = 10.0.40219.1
Project("{FAE04EC0-301F-11D3-BF4B-00C04F79EFBC}") = "Gym Workout Diary & Tracker", "Gym Workout Diary & Tracker.csproj", "{7A1AC0E1-77BD-41F7-B435-DDFB8A639D2A}"
EndProject
Global
	GlobalSection(SolutionConfigurationPlatforms) = preSolution
		Debug|Any CPU = Debug|Any CPU
		Release|Any CPU = Release|Any CPU
	EndGlobalSection
	GlobalSection(ProjectConfigurationPlatforms) = postSolution
		{7A1AC0E1-77BD-41F7-B435-DDFB8A639D2A}.Debug|Any CPU.ActiveCfg = Debug|Any CPU
		{7A1AC0E1-77BD-41F7-B435-DDFB8A639D2A}.Debug|Any CPU.Build.0 = Debug|Any CPU
		{7A1AC0E1-77BD-41F7-B435-DDFB8A639D2A}.Release|Any CPU.ActiveCfg = Release|Any CPU
		{7A1AC0E1-77BD-41F7-B435-DDFB8A639D2A}.Release|Any CPU.Build.0 = Release|Any CPU
	EndGlobalSection
	GlobalSection(SolutionProperties) = preSolution
		HideSolutionNode = FALSE
	EndGlobalSection
	GlobalSection(ExtensibilityGlobals) = postSolution
		SolutionGuid = {4AB38C63-A607-4646-B50B-B506A4F150CB}
	EndGlobalSection
EndGlobal
